
Microsoft Visual Studio Solution File, Format Version 12.00
# Visual Studio 15
VisualStudioVersion = 15.0.28307.438
MinimumVisualStudioVersion = 10.0.40219.1
Project("{9092AA53-FB77-4645-B42D-1CCCA6BD08BD}") = "PassportAuth", "PassportAuth\PassportAuth.njsproj", "{C922E87F-0A95-41F3-A6FF-27ACDCE1CD5E}"
EndProject
Global
	GlobalSection(SolutionConfigurationPlatforms) = preSolution
		Debug|Any CPU = Debug|Any CPU
		Release|Any CPU = Release|Any CPU
	EndGlobalSection
	GlobalSection(ProjectConfigurationPlatforms) = postSolution
		{C922E87F-0A95-41F3-A6FF-27ACDCE1CD5E}.Debug|Any CPU.ActiveCfg = Debug|Any CPU
		{C922E87F-0A95-41F3-A6FF-27ACDCE1CD5E}.Debug|Any CPU.Build.0 = Debug|Any CPU
		{C922E87F-0A95-41F3-A6FF-27ACDCE1CD5E}.Release|Any CPU.ActiveCfg = Release|Any CPU
		{C922E87F-0A95-41F3-A6FF-27ACDCE1CD5E}.Release|Any CPU.Build.0 = Release|Any CPU
	EndGlobalSection
	GlobalSection(SolutionProperties) = preSolution
		HideSolutionNode = FALSE
	EndGlobalSection
	GlobalSection(ExtensibilityGlobals) = postSolution
		SolutionGuid = {0E9AE95C-3147-4463-A95D-91CCA2E28F17}
	EndGlobalSection
EndGlobal
